
Microsoft Visual Studio Solution File, Format Version 12.00
# Visual Studio 15
VisualStudioVersion = 15.0.28307.106
MinimumVisualStudioVersion = 10.0.40219.1
Project("{9A19103F-16F7-4668-BE54-9A1E7A4F7556}") = "Artour.WebAPI", "Artour.WebAPI\Artour.WebAPI.csproj", "{B09B2D90-77AD-40ED-BC5D-3ACAC17CB421}"
EndProject
Project("{FAE04EC0-301F-11D3-BF4B-00C04F79EFBC}") = "Artour.Domain", "Artour.Domain\Artour.Domain.csproj", "{7F627962-8977-4760-82B3-6EBCB1DB4A84}"
EndProject
Project("{FAE04EC0-301F-11D3-BF4B-00C04F79EFBC}") = "Migrator", "Migrator\Migrator.csproj", "{6E392CCD-C360-4947-8898-7A0D1810116A}"
EndProject
Project("{FAE04EC0-301F-11D3-BF4B-00C04F79EFBC}") = "Artour.BLL", "Artour.BLL\Artour.BLL.csproj", "{710C8F83-7562-47A2-8614-B78E005698C7}"
EndProject
Global
	GlobalSection(SolutionConfigurationPlatforms) = preSolution
		Debug|Any CPU = Debug|Any CPU
		Release|Any CPU = Release|Any CPU
	EndGlobalSection
	GlobalSection(ProjectConfigurationPlatforms) = postSolution
		{B09B2D90-77AD-40ED-BC5D-3ACAC17CB421}.Debug|Any CPU.ActiveCfg = Debug|Any CPU
		{B09B2D90-77AD-40ED-BC5D-3ACAC17CB421}.Debug|Any CPU.Build.0 = Debug|Any CPU
		{B09B2D90-77AD-40ED-BC5D-3ACAC17CB421}.Release|Any CPU.ActiveCfg = Release|Any CPU
		{B09B2D90-77AD-40ED-BC5D-3ACAC17CB421}.Release|Any CPU.Build.0 = Release|Any CPU
		{7F627962-8977-4760-82B3-6EBCB1DB4A84}.Debug|Any CPU.ActiveCfg = Debug|Any CPU
		{7F627962-8977-4760-82B3-6EBCB1DB4A84}.Debug|Any CPU.Build.0 = Debug|Any CPU
		{7F627962-8977-4760-82B3-6EBCB1DB4A84}.Release|Any CPU.ActiveCfg = Release|Any CPU
		{7F627962-8977-4760-82B3-6EBCB1DB4A84}.Release|Any CPU.Build.0 = Release|Any CPU
		{6E392CCD-C360-4947-8898-7A0D1810116A}.Debug|Any CPU.ActiveCfg = Debug|Any CPU
		{6E392CCD-C360-4947-8898-7A0D1810116A}.Debug|Any CPU.Build.0 = Debug|Any CPU
		{6E392CCD-C360-4947-8898-7A0D1810116A}.Release|Any CPU.ActiveCfg = Release|Any CPU
		{6E392CCD-C360-4947-8898-7A0D1810116A}.Release|Any CPU.Build.0 = Release|Any CPU
		{710C8F83-7562-47A2-8614-B78E005698C7}.Debug|Any CPU.ActiveCfg = Debug|Any CPU
		{710C8F83-7562-47A2-8614-B78E005698C7}.Debug|Any CPU.Build.0 = Debug|Any CPU
		{710C8F83-7562-47A2-8614-B78E005698C7}.Release|Any CPU.ActiveCfg = Release|Any CPU
		{710C8F83-7562-47A2-8614-B78E005698C7}.Release|Any CPU.Build.0 = Release|Any CPU
	EndGlobalSection
	GlobalSection(SolutionProperties) = preSolution
		HideSolutionNode = FALSE
	EndGlobalSection
	GlobalSection(ExtensibilityGlobals) = postSolution
		SolutionGuid = {126F8334-D602-470A-943E-B81AC887D8AE}
	EndGlobalSection
EndGlobal
